// !$*UTF8*$!
{
	archiveVersion = 1;
	classes = {
	};
	objectVersion = 77;
	objects = {

/* Begin PBXContainerItemProxy section */
		BD47EC482D4B81A6005104FA /* PBXContainerItemProxy */ = {
			isa = PBXContainerItemProxy;
			containerPortal = BD47EC2F2D4B81A5005104FA /* Project object */;
			proxyType = 1;
			remoteGlobalIDString = BD47EC362D4B81A5005104FA;
			remoteInfo = "Audio Assignment";
		};
		BD47EC522D4B81A6005104FA /* PBXContainerItemProxy */ = {
			isa = PBXContainerItemProxy;
			containerPortal = BD47EC2F2D4B81A5005104FA /* Project object */;
			proxyType = 1;
			remoteGlobalIDString = BD47EC362D4B81A5005104FA;
			remoteInfo = "Audio Assignment";
		};
/* End PBXContainerItemProxy section */

/* Begin PBXFileReference section */
		BD47EC372D4B81A5005104FA /* Audio Assignment.app */ = {isa = PBXFileReference; explicitFileType = wrapper.application; includeInIndex = 0; path = "Audio Assignment.app"; sourceTree = BUILT_PRODUCTS_DIR; };
		BD47EC472D4B81A6005104FA /* Audio AssignmentTests.xctest */ = {isa = PBXFileReference; explicitFileType = wrapper.cfbundle; includeInIndex = 0; path = "Audio AssignmentTests.xctest"; sourceTree = BUILT_PRODUCTS_DIR; };
		BD47EC512D4B81A6005104FA /* Audio AssignmentUITests.xctest */ = {isa = PBXFileReference; explicitFileType = wrapper.cfbundle; includeInIndex = 0; path = "Audio AssignmentUITests.xctest"; sourceTree = BUILT_PRODUCTS_DIR; };
/* End PBXFileReference section */

/* Begin PBXFileSystemSynchronizedBuildFileExceptionSet section */
		BD59C44B2D538C46005B60AE /* Exceptions for "Audio Assignment" folder in "Audio Assignment" target */ = {
			isa = PBXFileSystemSynchronizedBuildFileExceptionSet;
			membershipExceptions = (
				Info.plist,
			);
			target = BD47EC362D4B81A5005104FA /* Audio Assignment */;
		};
/* End PBXFileSystemSynchronizedBuildFileExceptionSet section */

/* Begin PBXFileSystemSynchronizedRootGroup section */
		BD47EC392D4B81A5005104FA /* Audio Assignment */ = {
			isa = PBXFileSystemSynchronizedRootGroup;
			exceptions = (
				BD59C44B2D538C46005B60AE /* Exceptions for "Audio Assignment" folder in "Audio Assignment" target */,
			);
			path = "Audio Assignment";
			sourceTree = "<group>";
		};
		BD47EC4A2D4B81A6005104FA /* Audio AssignmentTests */ = {
			isa = PBXFileSystemSynchronizedRootGroup;
			path = "Audio AssignmentTests";
			sourceTree = "<group>";
		};
		BD47EC542D4B81A6005104FA /* Audio AssignmentUITests */ = {
			isa = PBXFileSystemSynchronizedRootGroup;
			path = "Audio AssignmentUITests";
			sourceTree = "<group>";
		};
/* End PBXFileSystemSynchronizedRootGroup section */

/* Begin PBXFrameworksBuildPhase section */
		BD47EC342D4B81A5005104FA /* Frameworks */ = {
			isa = PBXFrameworksBuildPhase;
			buildActionMask = 2147483647;
			files = (
			);
			runOnlyForDeploymentPostprocessing = 0;
		};
		BD47EC442D4B81A6005104FA /* Frameworks */ = {
			isa = PBXFrameworksBuildPhase;
			buildActionMask = 2147483647;
			files = (
			);
			runOnlyForDeploymentPostprocessing = 0;
		};
		BD47EC4E2D4B81A6005104FA /* Frameworks */ = {
			isa = PBXFrameworksBuildPhase;
			buildActionMask = 2147483647;
			files = (
			);
			runOnlyForDeploymentPostprocessing = 0;
		};
/* End PBXFrameworksBuildPhase section */

/* Begin PBXGroup section */
		BD47EC2E2D4B81A5005104FA = {
			isa = PBXGroup;
			children = (
				BD47EC392D4B81A5005104FA /* Audio Assignment */,
				BD47EC4A2D4B81A6005104FA /* Audio AssignmentTests */,
				BD47EC542D4B81A6005104FA /* Audio AssignmentUITests */,
				BD47EC382D4B81A5005104FA /* Products */,
			);
			sourceTree = "<group>";
		};
		BD47EC382D4B81A5005104FA /* Products */ = {
			isa = PBXGroup;
			children = (
				BD47EC372D4B81A5005104FA /* Audio Assignment.app */,
				BD47EC472D4B81A6005104FA /* Audio AssignmentTests.xctest */,
				BD47EC512D4B81A6005104FA /* Audio AssignmentUITests.xctest */,
			);
			name = Products;
			sourceTree = "<group>";
		};
/* End PBXGroup section */

/* Begin PBXNativeTarget section */
		BD47EC362D4B81A5005104FA /* Audio Assignment */ = {
			isa = PBXNativeTarget;
			buildConfigurationList = BD47EC5B2D4B81A6005104FA /* Build configuration list for PBXNativeTarget "Audio Assignment" */;
			buildPhases = (
				BD47EC332D4B81A5005104FA /* Sources */,
				BD47EC342D4B81A5005104FA /* Frameworks */,
				BD47EC352D4B81A5005104FA /* Resources */,
			);
			buildRules = (
			);
			dependencies = (
			);
			fileSystemSynchronizedGroups = (
				BD47EC392D4B81A5005104FA /* Audio Assignment */,
			);
			name = "Audio Assignment";
			packageProductDependencies = (
			);
			productName = "Audio Assignment";
			productReference = BD47EC372D4B81A5005104FA /* Audio Assignment.app */;
			productType = "com.apple.product-type.application";
		};
		BD47EC462D4B81A6005104FA /* Audio AssignmentTests */ = {
			isa = PBXNativeTarget;
			buildConfigurationList = BD47EC5E2D4B81A6005104FA /* Build configuration list for PBXNativeTarget "Audio AssignmentTests" */;
			buildPhases = (
				BD47EC432D4B81A6005104FA /* Sources */,
				BD47EC442D4B81A6005104FA /* Frameworks */,
				BD47EC452D4B81A6005104FA /* Resources */,
			);
			buildRules = (
			);
			dependencies = (
				BD47EC492D4B81A6005104FA /* PBXTargetDependency */,
			);
			fileSystemSynchronizedGroups = (
				BD47EC4A2D4B81A6005104FA /* Audio AssignmentTests */,
			);
			name = "Audio AssignmentTests";
			packageProductDependencies = (
			);
			productName = "Audio AssignmentTests";
			productReference = BD47EC472D4B81A6005104FA /* Audio AssignmentTests.xctest */;
			productType = "com.apple.product-type.bundle.unit-test";
		};
		BD47EC502D4B81A6005104FA /* Audio AssignmentUITests */ = {
			isa = PBXNativeTarget;
			buildConfigurationList = BD47EC612D4B81A6005104FA /* Build configuration list for PBXNativeTarget "Audio AssignmentUITests" */;
			buildPhases = (
				BD47EC4D2D4B81A6005104FA /* Sources */,
				BD47EC4E2D4B81A6005104FA /* Frameworks */,
				BD47EC4F2D4B81A6005104FA /* Resources */,
			);
			buildRules = (
			);
			dependencies = (
				BD47EC532D4B81A6005104FA /* PBXTargetDependency */,
			);
			fileSystemSynchronizedGroups = (
				BD47EC542D4B81A6005104FA /* Audio AssignmentUITests */,
			);
			name = "Audio AssignmentUITests";
			packageProductDependencies = (
			);
			productName = "Audio AssignmentUITests";
			productReference = BD47EC512D4B81A6005104FA /* Audio AssignmentUITests.xctest */;
			productType = "com.apple.product-type.bundle.ui-testing";
		};
/* End PBXNativeTarget section */

/* Begin PBXProject section */
		BD47EC2F2D4B81A5005104FA /* Project object */ = {
			isa = PBXProject;
			attributes = {
				BuildIndependentTargetsInParallel = 1;
				LastSwiftUpdateCheck = 1620;
				LastUpgradeCheck = 1620;
				TargetAttributes = {
					BD47EC362D4B81A5005104FA = {
						CreatedOnToolsVersion = 16.2;
					};
					BD47EC462D4B81A6005104FA = {
						CreatedOnToolsVersion = 16.2;
						TestTargetID = BD47EC362D4B81A5005104FA;
					};
					BD47EC502D4B81A6005104FA = {
						CreatedOnToolsVersion = 16.2;
						TestTargetID = BD47EC362D4B81A5005104FA;
					};
				};
			};
			buildConfigurationList = BD47EC322D4B81A5005104FA /* Build configuration list for PBXProject "Audio Assignment" */;
			developmentRegion = en;
			hasScannedForEncodings = 0;
			knownRegions = (
				en,
				Base,
			);
			mainGroup = BD47EC2E2D4B81A5005104FA;
			minimizedProjectReferenceProxies = 1;
			preferredProjectObjectVersion = 77;
			productRefGroup = BD47EC382D4B81A5005104FA /* Products */;
			projectDirPath = "";
			projectRoot = "";
			targets = (
				BD47EC362D4B81A5005104FA /* Audio Assignment */,
				BD47EC462D4B81A6005104FA /* Audio AssignmentTests */,
				BD47EC502D4B81A6005104FA /* Audio AssignmentUITests */,
			);
		};
/* End PBXProject section */

/* Begin PBXResourcesBuildPhase section */
		BD47EC352D4B81A5005104FA /* Resources */ = {
			isa = PBXResourcesBuildPhase;
			buildActionMask = 2147483647;
			files = (
			);
			runOnlyForDeploymentPostprocessing = 0;
		};
		BD47EC452D4B81A6005104FA /* Resources */ = {
			isa = PBXResourcesBuildPhase;
			buildActionMask = 2147483647;
			files = (
			);
			runOnlyForDeploymentPostprocessing = 0;
		};
		BD47EC4F2D4B81A6005104FA /* Resources */ = {
			isa = PBXResourcesBuildPhase;
			buildActionMask = 2147483647;
			files = (
			);
			runOnlyForDeploymentPostprocessing = 0;
		};
/* End PBXResourcesBuildPhase section */

/* Begin PBXSourcesBuildPhase section */
		BD47EC332D4B81A5005104FA /* Sources */ = {
			isa = PBXSourcesBuildPhase;
			buildActionMask = 2147483647;
			files = (
			);
			runOnlyForDeploymentPostprocessing = 0;
		};
		BD47EC432D4B81A6005104FA /* Sources */ = {
			isa = PBXSourcesBuildPhase;
			buildActionMask = 2147483647;
			files = (
			);
			runOnlyForDeploymentPostprocessing = 0;
		};
		BD47EC4D2D4B81A6005104FA /* Sources */ = {
			isa = PBXSourcesBuildPhase;
			buildActionMask = 2147483647;
			files = (
			);
			runOnlyForDeploymentPostprocessing = 0;
		};
/* End PBXSourcesBuildPhase section */

/* Begin PBXTargetDependency section */
		BD47EC492D4B81A6005104FA /* PBXTargetDependency */ = {
			isa = PBXTargetDependency;
			target = BD47EC362D4B81A5005104FA /* Audio Assignment */;
			targetProxy = BD47EC482D4B81A6005104FA /* PBXContainerItemProxy */;
		};
		BD47EC532D4B81A6005104FA /* PBXTargetDependency */ = {
			isa = PBXTargetDependency;
			target = BD47EC362D4B81A5005104FA /* Audio Assignment */;
			targetProxy = BD47EC522D4B81A6005104FA /* PBXContainerItemProxy */;
		};
/* End PBXTargetDependency section */

/* Begin XCBuildConfiguration section */
		BD47EC592D4B81A6005104FA /* Debug */ = {
			isa = XCBuildConfiguration;
			buildSettings = {
				ALWAYS_SEARCH_USER_PATHS = NO;
				ASSETCATALOG_COMPILER_GENERATE_SWIFT_ASSET_SYMBOL_EXTENSIONS = YES;
				CLANG_ANALYZER_NONNULL = YES;
				CLANG_ANALYZER_NUMBER_OBJECT_CONVERSION = YES_AGGRESSIVE;
				CLANG_CXX_LANGUAGE_STANDARD = "gnu++20";
				CLANG_ENABLE_MODULES = YES;
				CLANG_ENABLE_OBJC_ARC = YES;
				CLANG_ENABLE_OBJC_WEAK = YES;
				CLANG_WARN_BLOCK_CAPTURE_AUTORELEASING = YES;
				CLANG_WARN_BOOL_CONVERSION = YES;
				CLANG_WARN_COMMA = YES;
				CLANG_WARN_CONSTANT_CONVERSION = YES;
				CLANG_WARN_DEPRECATED_OBJC_IMPLEMENTATIONS = YES;
				CLANG_WARN_DIRECT_OBJC_ISA_USAGE = YES_ERROR;
				CLANG_WARN_DOCUMENTATION_COMMENTS = YES;
				CLANG_WARN_EMPTY_BODY = YES;
				CLANG_WARN_ENUM_CONVERSION = YES;
				CLANG_WARN_INFINITE_RECURSION = YES;
				CLANG_WARN_INT_CONVERSION = YES;
				CLANG_WARN_NON_LITERAL_NULL_CONVERSION = YES;
				CLANG_WARN_OBJC_IMPLICIT_RETAIN_SELF = YES;
				CLANG_WARN_OBJC_LITERAL_CONVERSION = YES;
				CLANG_WARN_OBJC_ROOT_CLASS = YES_ERROR;
				CLANG_WARN_QUOTED_INCLUDE_IN_FRAMEWORK_HEADER = YES;
				CLANG_WARN_RANGE_LOOP_ANALYSIS = YES;
				CLANG_WARN_STRICT_PROTOTYPES = YES;
				CLANG_WARN_SUSPICIOUS_MOVE = YES;
				CLANG_WARN_UNGUARDED_AVAILABILITY = YES_AGGRESSIVE;
				CLANG_WARN_UNREACHABLE_CODE = YES;
				CLANG_WARN__DUPLICATE_METHOD_MATCH = YES;
				COPY_PHASE_STRIP = NO;
				DEBUG_INFORMATION_FORMAT = dwarf;
				ENABLE_STRICT_OBJC_MSGSEND = YES;
				ENABLE_TESTABILITY = YES;
				ENABLE_USER_SCRIPT_SANDBOXING = YES;
				GCC_C_LANGUAGE_STANDARD = gnu17;
				GCC_DYNAMIC_NO_PIC = NO;
				GCC_NO_COMMON_BLOCKS = YES;
				GCC_OPTIMIZATION_LEVEL = 0;
				GCC_PREPROCESSOR_DEFINITIONS = (
					"DEBUG=1",
					"$(inherited)",
				);
				GCC_WARN_64_TO_32_BIT_CONVERSION = YES;
				GCC_WARN_ABOUT_RETURN_TYPE = YES_ERROR;
				GCC_WARN_UNDECLARED_SELECTOR = YES;
				GCC_WARN_UNINITIALIZED_AUTOS = YES_AGGRESSIVE;
				GCC_WARN_UNUSED_FUNCTION = YES;
				GCC_WARN_UNUSED_VARIABLE = YES;
				IPHONEOS_DEPLOYMENT_TARGET = 18.2;
				LOCALIZATION_PREFERS_STRING_CATALOGS = YES;
				MTL_ENABLE_DEBUG_INFO = INCLUDE_SOURCE;
				MTL_FAST_MATH = YES;
				ONLY_ACTIVE_ARCH = YES;
				SDKROOT = iphoneos;
				SWIFT_ACTIVE_COMPILATION_CONDITIONS = "DEBUG $(inherited)";
				SWIFT_OPTIMIZATION_LEVEL = "-Onone";
			};
			name = Debug;
		};
		BD47EC5A2D4B81A6005104FA /* Release */ = {
			isa = XCBuildConfiguration;
			buildSettings = {
				ALWAYS_SEARCH_USER_PATHS = NO;
				ASSETCATALOG_COMPILER_GENERATE_SWIFT_ASSET_SYMBOL_EXTENSIONS = YES;
				CLANG_ANALYZER_NONNULL = YES;
				CLANG_ANALYZER_NUMBER_OBJECT_CONVERSION = YES_AGGRESSIVE;
				CLANG_CXX_LANGUAGE_STANDARD = "gnu++20";
				CLANG_ENABLE_MODULES = YES;
				CLANG_ENABLE_OBJC_ARC = YES;
				CLANG_ENABLE_OBJC_WEAK = YES;
				CLANG_WARN_BLOCK_CAPTURE_AUTORELEASING = YES;
				CLANG_WARN_BOOL_CONVERSION = YES;
				CLANG_WARN_COMMA = YES;
				CLANG_WARN_CONSTANT_CONVERSION = YES;
				CLANG_WARN_DEPRECATED_OBJC_IMPLEMENTATIONS = YES;
				CLANG_WARN_DIRECT_OBJC_ISA_USAGE = YES_ERROR;
				CLANG_WARN_DOCUMENTATION_COMMENTS = YES;
				CLANG_WARN_EMPTY_BODY = YES;
				CLANG_WARN_ENUM_CONVERSION = YES;
				CLANG_WARN_INFINITE_RECURSION = YES;
				CLANG_WARN_INT_CONVERSION = YES;
				CLANG_WARN_NON_LITERAL_NULL_CONVERSION = YES;
				CLANG_WARN_OBJC_IMPLICIT_RETAIN_SELF = YES;
				CLANG_WARN_OBJC_LITERAL_CONVERSION = YES;
				CLANG_WARN_OBJC_ROOT_CLASS = YES_ERROR;
				CLANG_WARN_QUOTED_INCLUDE_IN_FRAMEWORK_HEADER = YES;
				CLANG_WARN_RANGE_LOOP_ANALYSIS = YES;
				CLANG_WARN_STRICT_PROTOTYPES = YES;
				CLANG_WARN_SUSPICIOUS_MOVE = YES;
				CLANG_WARN_UNGUARDED_AVAILABILITY = YES_AGGRESSIVE;
				CLANG_WARN_UNREACHABLE_CODE = YES;
				CLANG_WARN__DUPLICATE_METHOD_MATCH = YES;
				COPY_PHASE_STRIP = NO;
				DEBUG_INFORMATION_FORMAT = "dwarf-with-dsym";
				ENABLE_NS_ASSERTIONS = NO;
				ENABLE_STRICT_OBJC_MSGSEND = YES;
				ENABLE_USER_SCRIPT_SANDBOXING = YES;
				GCC_C_LANGUAGE_STANDARD = gnu17;
				GCC_NO_COMMON_BLOCKS = YES;
				GCC_WARN_64_TO_32_BIT_CONVERSION = YES;
				GCC_WARN_ABOUT_RETURN_TYPE = YES_ERROR;
				GCC_WARN_UNDECLARED_SELECTOR = YES;
				GCC_WARN_UNINITIALIZED_AUTOS = YES_AGGRESSIVE;
				GCC_WARN_UNUSED_FUNCTION = YES;
				GCC_WARN_UNUSED_VARIABLE = YES;
				IPHONEOS_DEPLOYMENT_TARGET = 18.2;
				LOCALIZATION_PREFERS_STRING_CATALOGS = YES;
				MTL_ENABLE_DEBUG_INFO = NO;
				MTL_FAST_MATH = YES;
				SDKROOT = iphoneos;
				SWIFT_COMPILATION_MODE = wholemodule;
				VALIDATE_PRODUCT = YES;
			};
			name = Release;
		};
		BD47EC5C2D4B81A6005104FA /* Debug */ = {
			isa = XCBuildConfiguration;
			buildSettings = {
				ASSETCATALOG_COMPILER_APPICON_NAME = AppIcon;
				ASSETCATALOG_COMPILER_GLOBAL_ACCENT_COLOR_NAME = AccentColor;
				CODE_SIGN_STYLE = Automatic;
				CURRENT_PROJECT_VERSION = 1;
				DEVELOPMENT_ASSET_PATHS = "\"Audio Assignment/Preview Content\"";
				DEVELOPMENT_TEAM = 8HBKTUX43T;
				ENABLE_PREVIEWS = YES;
				GENERATE_INFOPLIST_FILE = YES;
				INFOPLIST_FILE = "/Users/dheerajchouhan/Workplace/Copu/Audio Assignment/Info.plist";
				INFOPLIST_KEY_UIApplicationSceneManifest_Generation = YES;
				INFOPLIST_KEY_UIApplicationSupportsIndirectInputEvents = YES;
				INFOPLIST_KEY_UILaunchScreen_Generation = YES;
				INFOPLIST_KEY_UISupportedInterfaceOrientations_iPad = "UIInterfaceOrientationPortrait UIInterfaceOrientationPortraitUpsideDown UIInterfaceOrientationLandscapeLeft UIInterfaceOrientationLandscapeRight";
				INFOPLIST_KEY_UISupportedInterfaceOrientations_iPhone = "UIInterfaceOrientationPortrait UIInterfaceOrientationLandscapeLeft UIInterfaceOrientationLandscapeRight";
				IPHONEOS_DEPLOYMENT_TARGET = 15.6;
				LD_RUNPATH_SEARCH_PATHS = (
					"$(inherited)",
					"@executable_path/Frameworks",
				);
				MARKETING_VERSION = 1.0;
				PRODUCT_BUNDLE_IDENTIFIER = "com.ai.Audio-Assignment";
				PRODUCT_NAME = "$(TARGET_NAME)";
				SWIFT_EMIT_LOC_STRINGS = YES;
				SWIFT_VERSION = 5.0;
				TARGETED_DEVICE_FAMILY = "1,2";
			};
			name = Debug;
		};
		BD47EC5D2D4B81A6005104FA /* Release */ = {
			isa = XCBuildConfiguration;
			buildSettings = {
				ASSETCATALOG_COMPILER_APPICON_NAME = AppIcon;
				ASSETCATALOG_COMPILER_GLOBAL_ACCENT_COLOR_NAME = AccentColor;
				CODE_SIGN_STYLE = Automatic;
				CURRENT_PROJECT_VERSION = 1;
				DEVELOPMENT_ASSET_PATHS = "\"Audio Assignment/Preview Content\"";
				DEVELOPMENT_TEAM = 8HBKTUX43T;
				ENABLE_PREVIEWS = YES;
				GENERATE_INFOPLIST_FILE = YES;
				INFOPLIST_FILE = "/Users/dheerajchouhan/Workplace/Copu/Audio Assignment/Info.plist";
				INFOPLIST_KEY_UIApplicationSceneManifest_Generation = YES;
				INFOPLIST_KEY_UIApplicationSupportsIndirectInputEvents = YES;
				INFOPLIST_KEY_UILaunchScreen_Generation = YES;
				INFOPLIST_KEY_UISupportedInterfaceOrientations_iPad = "UIInterfaceOrientationPortrait UIInterfaceOrientationPortraitUpsideDown UIInterfaceOrientationLandscapeLeft UIInterfaceOrientationLandscapeRight";
				INFOPLIST_KEY_UISupportedInterfaceOrientations_iPhone = "UIInterfaceOrientationPortrait UIInterfaceOrientationLandscapeLeft UIInterfaceOrientationLandscapeRight";
				IPHONEOS_DEPLOYMENT_TARGET = 15.6;
				LD_RUNPATH_SEARCH_PATHS = (
					"$(inherited)",
					"@executable_path/Frameworks",
				);
				MARKETING_VERSION = 1.0;
				PRODUCT_BUNDLE_IDENTIFIER = "com.ai.Audio-Assignment";
				PRODUCT_NAME = "$(TARGET_NAME)";
				SWIFT_EMIT_LOC_STRINGS = YES;
				SWIFT_VERSION = 5.0;
				TARGETED_DEVICE_FAMILY = "1,2";
			};
			name = Release;
		};
		BD47EC5F2D4B81A6005104FA /* Debug */ = {
			isa = XCBuildConfiguration;
			buildSettings = {
				BUNDLE_LOADER = "$(TEST_HOST)";
				CODE_SIGN_STYLE = Automatic;
				CURRENT_PROJECT_VERSION = 1;
				GENERATE_INFOPLIST_FILE = YES;
				IPHONEOS_DEPLOYMENT_TARGET = 18.2;
				MARKETING_VERSION = 1.0;
				PRODUCT_BUNDLE_IDENTIFIER = "com.telus.Audio-AssignmentTests";
				PRODUCT_NAME = "$(TARGET_NAME)";
				SWIFT_EMIT_LOC_STRINGS = NO;
				SWIFT_VERSION = 5.0;
				TARGETED_DEVICE_FAMILY = "1,2";
				TEST_HOST = "$(BUILT_PRODUCTS_DIR)/Audio Assignment.app/$(BUNDLE_EXECUTABLE_FOLDER_PATH)/Audio Assignment";
			};
			name = Debug;
		};
		BD47EC602D4B81A6005104FA /* Release */ = {
			isa = XCBuildConfiguration;
			buildSettings = {
				BUNDLE_LOADER = "$(TEST_HOST)";
				CODE_SIGN_STYLE = Automatic;
				CURRENT_PROJECT_VERSION = 1;
				GENERATE_INFOPLIST_FILE = YES;
				IPHONEOS_DEPLOYMENT_TARGET = 18.2;
				MARKETING_VERSION = 1.0;
				PRODUCT_BUNDLE_IDENTIFIER = "com.telus.Audio-AssignmentTests";
				PRODUCT_NAME = "$(TARGET_NAME)";
				SWIFT_EMIT_LOC_STRINGS = NO;
				SWIFT_VERSION = 5.0;
				TARGETED_DEVICE_FAMILY = "1,2";
				TEST_HOST = "$(BUILT_PRODUCTS_DIR)/Audio Assignment.app/$(BUNDLE_EXECUTABLE_FOLDER_PATH)/Audio Assignment";
			};
			name = Release;
		};
		BD47EC622D4B81A6005104FA /* Debug */ = {
			isa = XCBuildConfiguration;
			buildSettings = {
				CODE_SIGN_STYLE = Automatic;
				CURRENT_PROJECT_VERSION = 1;
				GENERATE_INFOPLIST_FILE = YES;
				MARKETING_VERSION = 1.0;
				PRODUCT_BUNDLE_IDENTIFIER = "com.telus.Audio-AssignmentUITests";
				PRODUCT_NAME = "$(TARGET_NAME)";
				SWIFT_EMIT_LOC_STRINGS = NO;
				SWIFT_VERSION = 5.0;
				TARGETED_DEVICE_FAMILY = "1,2";
				TEST_TARGET_NAME = "Audio Assignment";
			};
			name = Debug;
		};
		BD47EC632D4B81A6005104FA /* Release */ = {
			isa = XCBuildConfiguration;
			buildSettings = {
				CODE_SIGN_STYLE = Automatic;
				CURRENT_PROJECT_VERSION = 1;
				GENERATE_INFOPLIST_FILE = YES;
				MARKETING_VERSION = 1.0;
				PRODUCT_BUNDLE_IDENTIFIER = "com.telus.Audio-AssignmentUITests";
				PRODUCT_NAME = "$(TARGET_NAME)";
				SWIFT_EMIT_LOC_STRINGS = NO;
				SWIFT_VERSION = 5.0;
				TARGETED_DEVICE_FAMILY = "1,2";
				TEST_TARGET_NAME = "Audio Assignment";
			};
			name = Release;
		};
/* End XCBuildConfiguration section */

/* Begin XCConfigurationList section */
		BD47EC322D4B81A5005104FA /* Build configuration list for PBXProject "Audio Assignment" */ = {
			isa = XCConfigurationList;
			buildConfigurations = (
				BD47EC592D4B81A6005104FA /* Debug */,
				BD47EC5A2D4B81A6005104FA /* Release */,
			);
			defaultConfigurationIsVisible = 0;
			defaultConfigurationName = Release;
		};
		BD47EC5B2D4B81A6005104FA /* Build configuration list for PBXNativeTarget "Audio Assignment" */ = {
			isa = XCConfigurationList;
			buildConfigurations = (
				BD47EC5C2D4B81A6005104FA /* Debug */,
				BD47EC5D2D4B81A6005104FA /* Release */,
			);
			defaultConfigurationIsVisible = 0;
			defaultConfigurationName = Release;
		};
		BD47EC5E2D4B81A6005104FA /* Build configuration list for PBXNativeTarget "Audio AssignmentTests" */ = {
			isa = XCConfigurationList;
			buildConfigurations = (
				BD47EC5F2D4B81A6005104FA /* Debug */,
				BD47EC602D4B81A6005104FA /* Release */,
			);
			defaultConfigurationIsVisible = 0;
			defaultConfigurationName = Release;
		};
		BD47EC612D4B81A6005104FA /* Build configuration list for PBXNativeTarget "Audio AssignmentUITests" */ = {
			isa = XCConfigurationList;
			buildConfigurations = (
				BD47EC622D4B81A6005104FA /* Debug */,
				BD47EC632D4B81A6005104FA /* Release */,
			);
			defaultConfigurationIsVisible = 0;
			defaultConfigurationName = Release;
		};
/* End XCConfigurationList section */
	};
	rootObject = BD47EC2F2D4B81A5005104FA /* Project object */;
}
